
Microsoft Visual Studio Solution File, Format Version 12.00
# Visual Studio 15
VisualStudioVersion = 15.0.26430.6
MinimumVisualStudioVersion = 10.0.40219.1
Project("{9A19103F-16F7-4668-BE54-9A1E7A4F7556}") = "ArkeOS.Tools.Assembler", "ArkeOS.Tools.Assembler\ArkeOS.Tools.Assembler.csproj", "{E9776C8D-E3AD-4BCA-AA37-0C4883463480}"
EndProject
Project("{2150E333-8FDC-42A3-9474-1A3956D46DE8}") = "Solution Items", "Solution Items", "{A8A09D5A-380E-4C15-8DDD-1837F84F41C6}"
	ProjectSection(SolutionItems) = preProject
		README.md = README.md
	EndProjectSection
EndProject
Project("{9A19103F-16F7-4668-BE54-9A1E7A4F7556}") = "ArkeOS.Hardware.ArkeIndustries", "ArkeOS.Hardware.ArkeIndustries\ArkeOS.Hardware.ArkeIndustries.csproj", "{36396D22-3CCD-4283-A0C4-2D865DA2D863}"
EndProject
Project("{9A19103F-16F7-4668-BE54-9A1E7A4F7556}") = "ArkeOS.Hardware.Architecture", "ArkeOS.Hardware.Architecture\ArkeOS.Hardware.Architecture.csproj", "{F983D92B-E6A3-490F-9177-D578DA2EFB80}"
EndProject
Project("{2150E333-8FDC-42A3-9474-1A3956D46DE8}") = "Images", "Images", "{0608B53C-37C0-4F65-8900-4DC59D208C3A}"
	ProjectSection(SolutionItems) = preProject
		Images\Boot.asm = Images\Boot.asm
		Images\Boot.bin = Images\Boot.bin
		Images\FindDevice.asm = Images\FindDevice.asm
		Images\TimedLoop.asm = Images\TimedLoop.asm
		Images\TimedLoop.bin = Images\TimedLoop.bin
		Images\Typer.asm = Images\Typer.asm
		Images\Typer.bin = Images\Typer.bin
	EndProjectSection
EndProject
Project("{9A19103F-16F7-4668-BE54-9A1E7A4F7556}") = "ArkeOS.Utilities", "ArkeOS.Utilities\ArkeOS.Utilities.csproj", "{2E225CED-2308-4336-84A4-4D053581BBD0}"
EndProject
Project("{9A19103F-16F7-4668-BE54-9A1E7A4F7556}") = "ArkeOS.Tools.FontGenerator", "ArkeOS.Tools.FontGenerator\ArkeOS.Tools.FontGenerator.csproj", "{A200BF0B-74E1-41D3-AB07-37A8260126BA}"
EndProject
Project("{FAE04EC0-301F-11D3-BF4B-00C04F79EFBC}") = "ArkeOS.Hosts.UWP", "ArkeOS.Hosts.UWP\ArkeOS.Hosts.UWP.csproj", "{34989760-80B2-4A55-931F-46D623CE774D}"
EndProject
Global
	GlobalSection(SolutionConfigurationPlatforms) = preSolution
		Debug|x64 = Debug|x64
		Release|x64 = Release|x64
	EndGlobalSection
	GlobalSection(ProjectConfigurationPlatforms) = postSolution
		{E9776C8D-E3AD-4BCA-AA37-0C4883463480}.Debug|x64.ActiveCfg = Debug|Any CPU
		{E9776C8D-E3AD-4BCA-AA37-0C4883463480}.Debug|x64.Build.0 = Debug|Any CPU
		{E9776C8D-E3AD-4BCA-AA37-0C4883463480}.Release|x64.ActiveCfg = Release|Any CPU
		{E9776C8D-E3AD-4BCA-AA37-0C4883463480}.Release|x64.Build.0 = Release|Any CPU
		{36396D22-3CCD-4283-A0C4-2D865DA2D863}.Debug|x64.ActiveCfg = Debug|Any CPU
		{36396D22-3CCD-4283-A0C4-2D865DA2D863}.Debug|x64.Build.0 = Debug|Any CPU
		{36396D22-3CCD-4283-A0C4-2D865DA2D863}.Release|x64.ActiveCfg = Release|Any CPU
		{36396D22-3CCD-4283-A0C4-2D865DA2D863}.Release|x64.Build.0 = Release|Any CPU
		{F983D92B-E6A3-490F-9177-D578DA2EFB80}.Debug|x64.ActiveCfg = Debug|Any CPU
		{F983D92B-E6A3-490F-9177-D578DA2EFB80}.Debug|x64.Build.0 = Debug|Any CPU
		{F983D92B-E6A3-490F-9177-D578DA2EFB80}.Release|x64.ActiveCfg = Release|Any CPU
		{F983D92B-E6A3-490F-9177-D578DA2EFB80}.Release|x64.Build.0 = Release|Any CPU
		{2E225CED-2308-4336-84A4-4D053581BBD0}.Debug|x64.ActiveCfg = Debug|Any CPU
		{2E225CED-2308-4336-84A4-4D053581BBD0}.Debug|x64.Build.0 = Debug|Any CPU
		{2E225CED-2308-4336-84A4-4D053581BBD0}.Release|x64.ActiveCfg = Release|Any CPU
		{2E225CED-2308-4336-84A4-4D053581BBD0}.Release|x64.Build.0 = Release|Any CPU
		{A200BF0B-74E1-41D3-AB07-37A8260126BA}.Debug|x64.ActiveCfg = Debug|Any CPU
		{A200BF0B-74E1-41D3-AB07-37A8260126BA}.Debug|x64.Build.0 = Debug|Any CPU
		{A200BF0B-74E1-41D3-AB07-37A8260126BA}.Release|x64.ActiveCfg = Release|Any CPU
		{A200BF0B-74E1-41D3-AB07-37A8260126BA}.Release|x64.Build.0 = Release|Any CPU
		{34989760-80B2-4A55-931F-46D623CE774D}.Debug|x64.ActiveCfg = Debug|x64
		{34989760-80B2-4A55-931F-46D623CE774D}.Debug|x64.Build.0 = Debug|x64
		{34989760-80B2-4A55-931F-46D623CE774D}.Debug|x64.Deploy.0 = Debug|x64
		{34989760-80B2-4A55-931F-46D623CE774D}.Release|x64.ActiveCfg = Release|x64
		{34989760-80B2-4A55-931F-46D623CE774D}.Release|x64.Build.0 = Release|x64
		{34989760-80B2-4A55-931F-46D623CE774D}.Release|x64.Deploy.0 = Release|x64
	EndGlobalSection
	GlobalSection(SolutionProperties) = preSolution
		HideSolutionNode = FALSE
	EndGlobalSection
	GlobalSection(NestedProjects) = preSolution
		{0608B53C-37C0-4F65-8900-4DC59D208C3A} = {A8A09D5A-380E-4C15-8DDD-1837F84F41C6}
	EndGlobalSection
EndGlobal
