
Microsoft Visual Studio Solution File, Format Version 12.00
# Visual Studio 15
VisualStudioVersion = 15.0.25123.0
MinimumVisualStudioVersion = 10.0.40219.1
Project("{FAE04EC0-301F-11D3-BF4B-00C04F79EFBC}") = "ArkeOS.Tools.Assembler", "ArkeOS.Compilation.Assembler\ArkeOS.Tools.Assembler.csproj", "{E9776C8D-E3AD-4BCA-AA37-0C4883463480}"
EndProject
Project("{FAE04EC0-301F-11D3-BF4B-00C04F79EFBC}") = "ArkeOS.Tools.Linker", "ArkeOS.Compilation.Linker\ArkeOS.Tools.Linker.csproj", "{53262617-800D-4DDE-8D6F-15AFAC2BED99}"
EndProject
Project("{FAE04EC0-301F-11D3-BF4B-00C04F79EFBC}") = "ArkeOS.Tools.Compiler", "ArkeOS.Compilation.Compiler\ArkeOS.Tools.Compiler.csproj", "{86B8F678-D2A9-4DAD-9F80-7D3925E630EF}"
EndProject
Project("{2150E333-8FDC-42A3-9474-1A3956D46DE8}") = "Solution Items", "Solution Items", "{A8A09D5A-380E-4C15-8DDD-1837F84F41C6}"
	ProjectSection(SolutionItems) = preProject
		Architecture.txt = Architecture.txt
		Install.bat = Install.bat
	EndProjectSection
EndProject
Project("{FAE04EC0-301F-11D3-BF4B-00C04F79EFBC}") = "ArkeOS.Hosts.UAP", "ArkeOS.Hosts.UAP\ArkeOS.Hosts.UAP.csproj", "{7719A18A-EEF0-4D7E-9241-9CC1426EDACC}"
EndProject
Project("{FAE04EC0-301F-11D3-BF4B-00C04F79EFBC}") = "ArkeOS.OS.Executable", "ArkeOS.OS.Executable\ArkeOS.OS.Executable.csproj", "{2531BE7F-42D5-485A-8695-EBF598937EF2}"
EndProject
Project("{FAE04EC0-301F-11D3-BF4B-00C04F79EFBC}") = "ArkeOS.Hardware.ArkeIndustries", "ArkeOS.Hardware.ArkeIndustries\ArkeOS.Hardware.ArkeIndustries.csproj", "{36396D22-3CCD-4283-A0C4-2D865DA2D863}"
EndProject
Project("{FAE04EC0-301F-11D3-BF4B-00C04F79EFBC}") = "ArkeOS.Hardware.Architecture", "ArkeOS.Hardware.Architecture\ArkeOS.Hardware.Architecture.csproj", "{F983D92B-E6A3-490F-9177-D578DA2EFB80}"
EndProject
Project("{2150E333-8FDC-42A3-9474-1A3956D46DE8}") = "Images", "Images", "{0608B53C-37C0-4F65-8900-4DC59D208C3A}"
	ProjectSection(SolutionItems) = preProject
		Images\Boot.asm = Images\Boot.asm
		Images\Boot.bin = Images\Boot.bin
		Images\FindDevice.asm = Images\FindDevice.asm
		Images\Program.asm = Images\Program.asm
		Images\Program.bin = Images\Program.bin
		Images\TimedLoop.asm = Images\TimedLoop.asm
		Images\TimedLoop.bin = Images\TimedLoop.bin
		Images\Typer.asm = Images\Typer.asm
		Images\Typer.bin = Images\Typer.bin
	EndProjectSection
EndProject
Project("{FAE04EC0-301F-11D3-BF4B-00C04F79EFBC}") = "ArkeOS.Utilities", "ArkeOS.Utilities\ArkeOS.Utilities.csproj", "{2E225CED-2308-4336-84A4-4D053581BBD0}"
EndProject
Global
	GlobalSection(SolutionConfigurationPlatforms) = preSolution
		Debug|Any CPU = Debug|Any CPU
		Debug|ARM = Debug|ARM
		Debug|x64 = Debug|x64
		Debug|x86 = Debug|x86
		Release|Any CPU = Release|Any CPU
		Release|ARM = Release|ARM
		Release|x64 = Release|x64
		Release|x86 = Release|x86
	EndGlobalSection
	GlobalSection(ProjectConfigurationPlatforms) = postSolution
		{E9776C8D-E3AD-4BCA-AA37-0C4883463480}.Debug|Any CPU.ActiveCfg = Debug|Any CPU
		{E9776C8D-E3AD-4BCA-AA37-0C4883463480}.Debug|Any CPU.Build.0 = Debug|Any CPU
		{E9776C8D-E3AD-4BCA-AA37-0C4883463480}.Debug|ARM.ActiveCfg = Debug|Any CPU
		{E9776C8D-E3AD-4BCA-AA37-0C4883463480}.Debug|ARM.Build.0 = Debug|Any CPU
		{E9776C8D-E3AD-4BCA-AA37-0C4883463480}.Debug|x64.ActiveCfg = Debug|Any CPU
		{E9776C8D-E3AD-4BCA-AA37-0C4883463480}.Debug|x64.Build.0 = Debug|Any CPU
		{E9776C8D-E3AD-4BCA-AA37-0C4883463480}.Debug|x86.ActiveCfg = Debug|Any CPU
		{E9776C8D-E3AD-4BCA-AA37-0C4883463480}.Debug|x86.Build.0 = Debug|Any CPU
		{E9776C8D-E3AD-4BCA-AA37-0C4883463480}.Release|Any CPU.ActiveCfg = Release|Any CPU
		{E9776C8D-E3AD-4BCA-AA37-0C4883463480}.Release|Any CPU.Build.0 = Release|Any CPU
		{E9776C8D-E3AD-4BCA-AA37-0C4883463480}.Release|ARM.ActiveCfg = Release|Any CPU
		{E9776C8D-E3AD-4BCA-AA37-0C4883463480}.Release|ARM.Build.0 = Release|Any CPU
		{E9776C8D-E3AD-4BCA-AA37-0C4883463480}.Release|x64.ActiveCfg = Release|Any CPU
		{E9776C8D-E3AD-4BCA-AA37-0C4883463480}.Release|x64.Build.0 = Release|Any CPU
		{E9776C8D-E3AD-4BCA-AA37-0C4883463480}.Release|x86.ActiveCfg = Release|Any CPU
		{E9776C8D-E3AD-4BCA-AA37-0C4883463480}.Release|x86.Build.0 = Release|Any CPU
		{53262617-800D-4DDE-8D6F-15AFAC2BED99}.Debug|Any CPU.ActiveCfg = Debug|Any CPU
		{53262617-800D-4DDE-8D6F-15AFAC2BED99}.Debug|Any CPU.Build.0 = Debug|Any CPU
		{53262617-800D-4DDE-8D6F-15AFAC2BED99}.Debug|ARM.ActiveCfg = Debug|Any CPU
		{53262617-800D-4DDE-8D6F-15AFAC2BED99}.Debug|ARM.Build.0 = Debug|Any CPU
		{53262617-800D-4DDE-8D6F-15AFAC2BED99}.Debug|x64.ActiveCfg = Debug|Any CPU
		{53262617-800D-4DDE-8D6F-15AFAC2BED99}.Debug|x64.Build.0 = Debug|Any CPU
		{53262617-800D-4DDE-8D6F-15AFAC2BED99}.Debug|x86.ActiveCfg = Debug|Any CPU
		{53262617-800D-4DDE-8D6F-15AFAC2BED99}.Debug|x86.Build.0 = Debug|Any CPU
		{53262617-800D-4DDE-8D6F-15AFAC2BED99}.Release|Any CPU.ActiveCfg = Release|Any CPU
		{53262617-800D-4DDE-8D6F-15AFAC2BED99}.Release|Any CPU.Build.0 = Release|Any CPU
		{53262617-800D-4DDE-8D6F-15AFAC2BED99}.Release|ARM.ActiveCfg = Release|Any CPU
		{53262617-800D-4DDE-8D6F-15AFAC2BED99}.Release|ARM.Build.0 = Release|Any CPU
		{53262617-800D-4DDE-8D6F-15AFAC2BED99}.Release|x64.ActiveCfg = Release|Any CPU
		{53262617-800D-4DDE-8D6F-15AFAC2BED99}.Release|x64.Build.0 = Release|Any CPU
		{53262617-800D-4DDE-8D6F-15AFAC2BED99}.Release|x86.ActiveCfg = Release|Any CPU
		{53262617-800D-4DDE-8D6F-15AFAC2BED99}.Release|x86.Build.0 = Release|Any CPU
		{86B8F678-D2A9-4DAD-9F80-7D3925E630EF}.Debug|Any CPU.ActiveCfg = Debug|Any CPU
		{86B8F678-D2A9-4DAD-9F80-7D3925E630EF}.Debug|Any CPU.Build.0 = Debug|Any CPU
		{86B8F678-D2A9-4DAD-9F80-7D3925E630EF}.Debug|ARM.ActiveCfg = Debug|Any CPU
		{86B8F678-D2A9-4DAD-9F80-7D3925E630EF}.Debug|ARM.Build.0 = Debug|Any CPU
		{86B8F678-D2A9-4DAD-9F80-7D3925E630EF}.Debug|x64.ActiveCfg = Debug|Any CPU
		{86B8F678-D2A9-4DAD-9F80-7D3925E630EF}.Debug|x64.Build.0 = Debug|Any CPU
		{86B8F678-D2A9-4DAD-9F80-7D3925E630EF}.Debug|x86.ActiveCfg = Debug|Any CPU
		{86B8F678-D2A9-4DAD-9F80-7D3925E630EF}.Debug|x86.Build.0 = Debug|Any CPU
		{86B8F678-D2A9-4DAD-9F80-7D3925E630EF}.Release|Any CPU.ActiveCfg = Release|Any CPU
		{86B8F678-D2A9-4DAD-9F80-7D3925E630EF}.Release|Any CPU.Build.0 = Release|Any CPU
		{86B8F678-D2A9-4DAD-9F80-7D3925E630EF}.Release|ARM.ActiveCfg = Release|Any CPU
		{86B8F678-D2A9-4DAD-9F80-7D3925E630EF}.Release|ARM.Build.0 = Release|Any CPU
		{86B8F678-D2A9-4DAD-9F80-7D3925E630EF}.Release|x64.ActiveCfg = Release|Any CPU
		{86B8F678-D2A9-4DAD-9F80-7D3925E630EF}.Release|x64.Build.0 = Release|Any CPU
		{86B8F678-D2A9-4DAD-9F80-7D3925E630EF}.Release|x86.ActiveCfg = Release|Any CPU
		{86B8F678-D2A9-4DAD-9F80-7D3925E630EF}.Release|x86.Build.0 = Release|Any CPU
		{7719A18A-EEF0-4D7E-9241-9CC1426EDACC}.Debug|Any CPU.ActiveCfg = Debug|x86
		{7719A18A-EEF0-4D7E-9241-9CC1426EDACC}.Debug|ARM.ActiveCfg = Debug|ARM
		{7719A18A-EEF0-4D7E-9241-9CC1426EDACC}.Debug|ARM.Build.0 = Debug|ARM
		{7719A18A-EEF0-4D7E-9241-9CC1426EDACC}.Debug|ARM.Deploy.0 = Debug|ARM
		{7719A18A-EEF0-4D7E-9241-9CC1426EDACC}.Debug|x64.ActiveCfg = Debug|x64
		{7719A18A-EEF0-4D7E-9241-9CC1426EDACC}.Debug|x64.Build.0 = Debug|x64
		{7719A18A-EEF0-4D7E-9241-9CC1426EDACC}.Debug|x64.Deploy.0 = Debug|x64
		{7719A18A-EEF0-4D7E-9241-9CC1426EDACC}.Debug|x86.ActiveCfg = Debug|x86
		{7719A18A-EEF0-4D7E-9241-9CC1426EDACC}.Debug|x86.Build.0 = Debug|x86
		{7719A18A-EEF0-4D7E-9241-9CC1426EDACC}.Debug|x86.Deploy.0 = Debug|x86
		{7719A18A-EEF0-4D7E-9241-9CC1426EDACC}.Release|Any CPU.ActiveCfg = Release|x86
		{7719A18A-EEF0-4D7E-9241-9CC1426EDACC}.Release|ARM.ActiveCfg = Release|ARM
		{7719A18A-EEF0-4D7E-9241-9CC1426EDACC}.Release|ARM.Build.0 = Release|ARM
		{7719A18A-EEF0-4D7E-9241-9CC1426EDACC}.Release|ARM.Deploy.0 = Release|ARM
		{7719A18A-EEF0-4D7E-9241-9CC1426EDACC}.Release|x64.ActiveCfg = Release|x64
		{7719A18A-EEF0-4D7E-9241-9CC1426EDACC}.Release|x64.Build.0 = Release|x64
		{7719A18A-EEF0-4D7E-9241-9CC1426EDACC}.Release|x64.Deploy.0 = Release|x64
		{7719A18A-EEF0-4D7E-9241-9CC1426EDACC}.Release|x86.ActiveCfg = Release|x86
		{7719A18A-EEF0-4D7E-9241-9CC1426EDACC}.Release|x86.Build.0 = Release|x86
		{7719A18A-EEF0-4D7E-9241-9CC1426EDACC}.Release|x86.Deploy.0 = Release|x86
		{2531BE7F-42D5-485A-8695-EBF598937EF2}.Debug|Any CPU.ActiveCfg = Debug|Any CPU
		{2531BE7F-42D5-485A-8695-EBF598937EF2}.Debug|Any CPU.Build.0 = Debug|Any CPU
		{2531BE7F-42D5-485A-8695-EBF598937EF2}.Debug|ARM.ActiveCfg = Debug|Any CPU
		{2531BE7F-42D5-485A-8695-EBF598937EF2}.Debug|ARM.Build.0 = Debug|Any CPU
		{2531BE7F-42D5-485A-8695-EBF598937EF2}.Debug|x64.ActiveCfg = Debug|Any CPU
		{2531BE7F-42D5-485A-8695-EBF598937EF2}.Debug|x64.Build.0 = Debug|Any CPU
		{2531BE7F-42D5-485A-8695-EBF598937EF2}.Debug|x86.ActiveCfg = Debug|Any CPU
		{2531BE7F-42D5-485A-8695-EBF598937EF2}.Debug|x86.Build.0 = Debug|Any CPU
		{2531BE7F-42D5-485A-8695-EBF598937EF2}.Release|Any CPU.ActiveCfg = Release|Any CPU
		{2531BE7F-42D5-485A-8695-EBF598937EF2}.Release|Any CPU.Build.0 = Release|Any CPU
		{2531BE7F-42D5-485A-8695-EBF598937EF2}.Release|ARM.ActiveCfg = Release|Any CPU
		{2531BE7F-42D5-485A-8695-EBF598937EF2}.Release|ARM.Build.0 = Release|Any CPU
		{2531BE7F-42D5-485A-8695-EBF598937EF2}.Release|x64.ActiveCfg = Release|Any CPU
		{2531BE7F-42D5-485A-8695-EBF598937EF2}.Release|x64.Build.0 = Release|Any CPU
		{2531BE7F-42D5-485A-8695-EBF598937EF2}.Release|x86.ActiveCfg = Release|Any CPU
		{2531BE7F-42D5-485A-8695-EBF598937EF2}.Release|x86.Build.0 = Release|Any CPU
		{36396D22-3CCD-4283-A0C4-2D865DA2D863}.Debug|Any CPU.ActiveCfg = Debug|Any CPU
		{36396D22-3CCD-4283-A0C4-2D865DA2D863}.Debug|Any CPU.Build.0 = Debug|Any CPU
		{36396D22-3CCD-4283-A0C4-2D865DA2D863}.Debug|ARM.ActiveCfg = Debug|Any CPU
		{36396D22-3CCD-4283-A0C4-2D865DA2D863}.Debug|ARM.Build.0 = Debug|Any CPU
		{36396D22-3CCD-4283-A0C4-2D865DA2D863}.Debug|x64.ActiveCfg = Debug|Any CPU
		{36396D22-3CCD-4283-A0C4-2D865DA2D863}.Debug|x64.Build.0 = Debug|Any CPU
		{36396D22-3CCD-4283-A0C4-2D865DA2D863}.Debug|x86.ActiveCfg = Debug|Any CPU
		{36396D22-3CCD-4283-A0C4-2D865DA2D863}.Debug|x86.Build.0 = Debug|Any CPU
		{36396D22-3CCD-4283-A0C4-2D865DA2D863}.Release|Any CPU.ActiveCfg = Release|Any CPU
		{36396D22-3CCD-4283-A0C4-2D865DA2D863}.Release|Any CPU.Build.0 = Release|Any CPU
		{36396D22-3CCD-4283-A0C4-2D865DA2D863}.Release|ARM.ActiveCfg = Release|Any CPU
		{36396D22-3CCD-4283-A0C4-2D865DA2D863}.Release|ARM.Build.0 = Release|Any CPU
		{36396D22-3CCD-4283-A0C4-2D865DA2D863}.Release|x64.ActiveCfg = Release|Any CPU
		{36396D22-3CCD-4283-A0C4-2D865DA2D863}.Release|x64.Build.0 = Release|Any CPU
		{36396D22-3CCD-4283-A0C4-2D865DA2D863}.Release|x86.ActiveCfg = Release|Any CPU
		{36396D22-3CCD-4283-A0C4-2D865DA2D863}.Release|x86.Build.0 = Release|Any CPU
		{F983D92B-E6A3-490F-9177-D578DA2EFB80}.Debug|Any CPU.ActiveCfg = Debug|Any CPU
		{F983D92B-E6A3-490F-9177-D578DA2EFB80}.Debug|Any CPU.Build.0 = Debug|Any CPU
		{F983D92B-E6A3-490F-9177-D578DA2EFB80}.Debug|ARM.ActiveCfg = Debug|Any CPU
		{F983D92B-E6A3-490F-9177-D578DA2EFB80}.Debug|ARM.Build.0 = Debug|Any CPU
		{F983D92B-E6A3-490F-9177-D578DA2EFB80}.Debug|x64.ActiveCfg = Debug|Any CPU
		{F983D92B-E6A3-490F-9177-D578DA2EFB80}.Debug|x64.Build.0 = Debug|Any CPU
		{F983D92B-E6A3-490F-9177-D578DA2EFB80}.Debug|x86.ActiveCfg = Debug|Any CPU
		{F983D92B-E6A3-490F-9177-D578DA2EFB80}.Debug|x86.Build.0 = Debug|Any CPU
		{F983D92B-E6A3-490F-9177-D578DA2EFB80}.Release|Any CPU.ActiveCfg = Release|Any CPU
		{F983D92B-E6A3-490F-9177-D578DA2EFB80}.Release|Any CPU.Build.0 = Release|Any CPU
		{F983D92B-E6A3-490F-9177-D578DA2EFB80}.Release|ARM.ActiveCfg = Release|Any CPU
		{F983D92B-E6A3-490F-9177-D578DA2EFB80}.Release|ARM.Build.0 = Release|Any CPU
		{F983D92B-E6A3-490F-9177-D578DA2EFB80}.Release|x64.ActiveCfg = Release|Any CPU
		{F983D92B-E6A3-490F-9177-D578DA2EFB80}.Release|x64.Build.0 = Release|Any CPU
		{F983D92B-E6A3-490F-9177-D578DA2EFB80}.Release|x86.ActiveCfg = Release|Any CPU
		{F983D92B-E6A3-490F-9177-D578DA2EFB80}.Release|x86.Build.0 = Release|Any CPU
		{2E225CED-2308-4336-84A4-4D053581BBD0}.Debug|Any CPU.ActiveCfg = Debug|Any CPU
		{2E225CED-2308-4336-84A4-4D053581BBD0}.Debug|Any CPU.Build.0 = Debug|Any CPU
		{2E225CED-2308-4336-84A4-4D053581BBD0}.Debug|ARM.ActiveCfg = Debug|Any CPU
		{2E225CED-2308-4336-84A4-4D053581BBD0}.Debug|ARM.Build.0 = Debug|Any CPU
		{2E225CED-2308-4336-84A4-4D053581BBD0}.Debug|x64.ActiveCfg = Debug|Any CPU
		{2E225CED-2308-4336-84A4-4D053581BBD0}.Debug|x64.Build.0 = Debug|Any CPU
		{2E225CED-2308-4336-84A4-4D053581BBD0}.Debug|x86.ActiveCfg = Debug|Any CPU
		{2E225CED-2308-4336-84A4-4D053581BBD0}.Debug|x86.Build.0 = Debug|Any CPU
		{2E225CED-2308-4336-84A4-4D053581BBD0}.Release|Any CPU.ActiveCfg = Release|Any CPU
		{2E225CED-2308-4336-84A4-4D053581BBD0}.Release|Any CPU.Build.0 = Release|Any CPU
		{2E225CED-2308-4336-84A4-4D053581BBD0}.Release|ARM.ActiveCfg = Release|Any CPU
		{2E225CED-2308-4336-84A4-4D053581BBD0}.Release|ARM.Build.0 = Release|Any CPU
		{2E225CED-2308-4336-84A4-4D053581BBD0}.Release|x64.ActiveCfg = Release|Any CPU
		{2E225CED-2308-4336-84A4-4D053581BBD0}.Release|x64.Build.0 = Release|Any CPU
		{2E225CED-2308-4336-84A4-4D053581BBD0}.Release|x86.ActiveCfg = Release|Any CPU
		{2E225CED-2308-4336-84A4-4D053581BBD0}.Release|x86.Build.0 = Release|Any CPU
	EndGlobalSection
	GlobalSection(SolutionProperties) = preSolution
		HideSolutionNode = FALSE
	EndGlobalSection
	GlobalSection(NestedProjects) = preSolution
		{0608B53C-37C0-4F65-8900-4DC59D208C3A} = {A8A09D5A-380E-4C15-8DDD-1837F84F41C6}
	EndGlobalSection
EndGlobal
